version = 1
revision = 3
requires-python = "==3.10.*"

[[package]]
name = "ai-engineering"
version = "0.1.0"
source = { virtual = "." }
dependencies = [
    { name = "pydantic" },
]

[package.metadata]
requires-dist = [{ name = "pydantic", specifier = ">=2.13.5" }]

[[package]]
name = "annotated-types"
version = "0.8.0"
source = { registry = "https://pypi.org/simple" }
sdist = { url = "https://files.pythonhosted.org/packages/5f/56/a8120250d128bed162cd73c76d45f6ef9991f3e068f62a8ee060afa3104a/annotated_types-0.8.0.tar.gz", hash = "sha256:13b2beaad985e05e2d6407ee4c4f35590b11f8d693a258a561055cac8f64cab7", size = 15893, upload-time = "2026-07-23T20:16:13.995Z" }
wheels = [
    { url = "https://files.pythonhosted.org/packages/99/91/8acff4f5e50511b911bbccb72b8628a49c68ce14148cd9f6431094859a90/annotated_types-0.8.0-py3-none-any.whl", hash = "sha256:f072f4d804ea359e4eaf198b1af7a8b0943881a87f31bb764f8bf219bb9419e0", size = 13427, upload-time = "2026-07-23T20:16:12.938Z" },
]

[[package]]
name = "pydantic"
version = "2.13.5"
source = { registry = "https://pypi.org/simple" }
dependencies = [
    { name = "annotated-types" },
    { name = "pydantic-core" },
    { name = "typing-extensions" },
    { name = "typing-inspection" },
]
sdist = { url = "https://files.pythonhosted.org/packages/53/ef/fc4f868f4e2cee79f863883abffceff107875f569b848507319842d2a681/pydantic-2.13.5.tar.gz", hash = "sha256:51a9c5f7b2f8e636f04c6cada605d9b6a3bf1348fdf945a3d8869b19bba0ee08", size = 845750, upload-time = "2026-08-28T14:04:00.916Z" }
wheels = [
    { url = "https://files.pythonhosted.org/packages/eb/47/c95ffc2009878c7aac0c5e08528022dcb885933252a88b5f170058014464/pydantic-2.13.5-py3-none-any.whl", hash = "sha256:346a034f080da3755d8e9cb5e00e8b07de1d39e4f6e2c87d8ab7cafa0b269a73", size = 472589, upload-time = "2026-08-28T14:03:59.136Z" },
]

[[package]]
name = "pydantic-core"
version = "2.46.5"
source = { registry = "https://pypi.org/simple" }
dependencies = [
    { name = "typing-extensions" },
]
sdist = { url = "https://files.pythonhosted.org/packages/af/f9/8a06bea35ef8daf588f707784c973a7046e0034c8d8cfb08828eeffb8b75/pydantic_core-2.46.5.tar.gz", hash = "sha256:10416c15b8839ecc4ef4d0885da76da6fd0f67333a0eb8aff6d93c4b8f2910fc", size = 472262, upload-time = "2026-08-28T10:01:31.677Z" }
wheels = [
    { url = "https://files.pythonhosted.org/packages/74/6b/8f79692844269427abb3e4dd9e68edfcbe65ae25527d99183214de716c59/pydantic_core-2.46.5-cp310-cp310-macosx_10_12_x86_64.whl", hash = "sha256:657b40d6240c0a7b6a64b30f22d1e3aa631c7e846c621b0c0f6d1d75e2e15ea6", size = 2076533, upload-time = "2026-08-28T09:57:35.421Z" },
    { url = "https://files.pythonhosted.org/packages/bd/d0/c787604c71c2bdcda1a5656942fc822cd0f9cd879b9484bb84fc42172703/pydantic_core-2.46.5-cp310-cp310-macosx_11_0_arm64.whl", hash = "sha256:ecb42011e12ee19cafbc312887cbf3546959fe02fbad44f272d4be5baa997615", size = 1924650, upload-time = "2026-08-28T09:57:37.944Z" },
    { url = "https://files.pythonhosted.org/packages/4a/77/ca2f8e997d9bfdb32205297aff38f210f398822d895b1af1b59fd9df9c13/pydantic_core-2.46.5-cp310-cp310-manylinux_2_17_aarch64.manylinux2014_aarch64.whl", hash = "sha256:4dedce55295becb61921e386b99d4f2706045306e7fa52249a33004c837379fb", size = 1951261, upload-time = "2026-08-28T09:57:39.339Z" },
    { url = "https://files.pythonhosted.org/packages/a0/53/bd12e1a9255df4edee00353778e2614b5346265d51e1567ab72153e803a2/pydantic_core-2.46.5-cp310-cp310-manylinux_2_17_armv7l.manylinux2014_armv7l.whl", hash = "sha256:9f47b8a949e60f027f0aa0a6f6c7b7e9c55cbf4380d10b344e282fa4e7ab1e1b", size = 2021808, upload-time = "2026-08-28T09:57:40.69Z" },
    { url = "https://files.pythonhosted.org/packages/d7/41/f7f312751ebc6d6767da91964a9c7954c18e226a1720ab234e3dfb9d6c17/pydantic_core-2.46.5-cp310-cp310-manylinux_2_17_ppc64le.manylinux2014_ppc64le.whl", hash = "sha256:200aa3dc9f8d54f0754f43247c0bad0999fdcfbfd2488384dd44f37279271fe6", size = 2196184, upload-time = "2026-08-28T09:57:42.275Z" },
    { url = "https://files.pythonhosted.org/packages/3d/93/ce93aa030ab6bac4683ba8861e7baad89dd24b02e66b8801a0e4f6a00311/pydantic_core-2.46.5-cp310-cp310-manylinux_2_17_s390x.manylinux2014_s390x.whl", hash = "sha256:6d30e1a4f138b8951063e9a394752a9179b51da288ffa507b1e659222f4c1793", size = 2238212, upload-time = "2026-08-28T09:57:44.122Z" },
    { url = "https://files.pythonhosted.org/packages/34/a1/c8e6b66f499f510752c07a092dfe27621f9c255635e59d38704b5681c35a/pydantic_core-2.46.5-cp310-cp310-manylinux_2_17_x86_64.manylinux2014_x86_64.whl", hash = "sha256:850a08d167dde16db8702c274f320c7be9d7da6f6dff2b58b18f9e815bd94f5b", size = 2064073, upload-time = "2026-08-28T09:57:45.613Z" },
    { url = "https://files.pythonhosted.org/packages/5c/fa/605e2b127ee30dbf4b1da9da4843587cf2b2d16486c241cc7a5be2d2c1bd/pydantic_core-2.46.5-cp310-cp310-manylinux_2_31_riscv64.whl", hash = "sha256:c3471e5c4a949c26ec00a77f01df59096aa9495877de76fd60a980f8ee6be461", size = 2093102, upload-time = "2026-08-28T09:57:46.953Z" },
    { url = "https://files.pythonhosted.org/packages/4a/f7/1ab28093c09032ddce7c92c7a55d503b6ecd70f42c32492946c1cb5477b1/pydantic_core-2.46.5-cp310-cp310-manylinux_2_5_i686.manylinux1_i686.whl", hash = "sha256:3a3e26b6a8274211bddee2d0e4d0d42778f17a34510f49d2ec44b58abfc41736", size = 2133452, upload-time = "2026-08-28T09:57:48.362Z" },
    { url = "https://files.pythonhosted.org/packages/30/c8/47c79b756f12f85e8b0fbdb2b495f6b6eb32e6c98a4beae7a570a0b7c63c/pydantic_core-2.46.5-cp310-cp310-musllinux_1_1_aarch64.whl", hash = "sha256:fc5d783bd4a2387e97b8a2d5ec781cfb92b3d893bf82370548e99db5915935d3", size = 2146477, upload-time = "2026-08-28T09:57:49.74Z" },
    { url = "https://files.pythonhosted.org/packages/13/5c/79fc00cb8f651d6061991de8d7cedf1c78c73cbd4862c42ef418f03b8bfa/pydantic_core-2.46.5-cp310-cp310-musllinux_1_1_armv7l.whl", hash = "sha256:356c8368cbc321050b169595683a2e1d63413b1e0e2868b330af9fc14c616d3f", size = 2300832, upload-time = "2026-08-28T09:57:51.639Z" },
    { url = "https://files.pythonhosted.org/packages/b4/72/dd1a29853cf6d22a1ebd9e3baf0239cbc57d2d16caff36a89e38eb9b1db3/pydantic_core-2.46.5-cp310-cp310-musllinux_1_1_x86_64.whl", hash = "sha256:eb7d8d0e5886a89a55d2eef490e272fa965a9d57c6b29a5b5088a7997ec2cad1", size = 2320505, upload-time = "2026-08-28T09:57:53.236Z" },
    { url = "https://files.pythonhosted.org/packages/ec/d1/ba4a8e06a9ddad0b4caf69cfaeecc0fbfcec20473bd808f5127fd16491c4/pydantic_core-2.46.5-cp310-cp310-win32.whl", hash = "sha256:4d44cf99ddebf875f9b68cc267aa684c99b7b44fe63ee1cac4ec163807290069", size = 1956853, upload-time = "2026-08-28T09:57:54.592Z" },
    { url = "https://files.pythonhosted.org/packages/f2/94/205ed9d7ddaf44acd489889708ea124a3f41bdb42c141c8684d528ad0e7a/pydantic_core-2.46.5-cp310-cp310-win_amd64.whl", hash = "sha256:1e5aad1220a1192c42341c8fd4a8686657e73ab2a920c970bdc4de334fe3193d", size = 2042551, upload-time = "2026-08-28T09:57:56.017Z" },
]

[[package]]
name = "typing-extensions"
version = "4.16.0"
source = { registry = "https://pypi.org/simple" }
sdist = { url = "https://files.pythonhosted.org/packages/f6/cc/6253133b5bb138fc3306cebfbda2c520f545d36b5be2c7255cc528bb45d6/typing_extensions-4.16.0.tar.gz", hash = "sha256:dc983d19a509c94dba722ee6abd33940f7c05a89e243c47e907eb4db6f1a43e5", size = 113555, upload-time = "2026-07-02T08:40:05.92Z" }
wheels = [
    { url = "https://files.pythonhosted.org/packages/49/d3/b8441a820a491ddfc024b0b0cf0393375b75ea13866d9c66727e54c2fc80/typing_extensions-4.16.0-py3-none-any.whl", hash = "sha256:481caa481374e813c1b176ada14e97f1f67a4539ce9cfeb3f350d78d6370c2e8", size = 45571, upload-time = "2026-07-02T08:40:04.659Z" },
]

[[package]]
name = "typing-inspection"
version = "0.4.4"
source = { registry = "https://pypi.org/simple" }
dependencies = [
    { name = "typing-extensions" },
]
sdist = { url = "https://files.pythonhosted.org/packages/a3/26/b09b8010994eccc3c09092e6b34058f36a460eea2d4c3e8b910c695975a0/typing_inspection-0.4.4.tar.gz", hash = "sha256:547274fa6b0a561ccf549cc9524b999a578e737d015d8709d021f9d0d13bea47", size = 76928, upload-time = "2026-08-12T12:37:25.997Z" }
wheels = [
    { url = "https://files.pythonhosted.org/packages/67/81/4add07e5172b7ac40d8ed5ff580409a7801a4fe26d529bdd915401dabfbe/typing_inspection-0.4.4-py3-none-any.whl", hash = "sha256:65b8397ba37ccbce054456aaccddfc91e6e3083c92824df348d96ca832f3f147", size = 14750, upload-time = "2026-08-12T12:37:24.648Z" },
]
